
Microsoft Visual Studio Solution File, Format Version 12.00
# Visual Studio 2017
Project("{FAE04EC0-301F-11D3-BF4B-00C04F79EFBC}") = "pakkio2", "pakkio2.csproj", "{10C3C365-F4C6-A3CC-7B88-FD3D02C57439}"
EndProject
Global
	GlobalSection(SolutionConfigurationPlatforms) = preSolution
		Debug|Any CPU = Debug|Any CPU
		Release|Any CPU = Release|Any CPU
	EndGlobalSection
	GlobalSection(ProjectConfigurationPlatforms) = postSolution
		{10C3C365-F4C6-A3CC-7B88-FD3D02C57439}.Debug|Any CPU.ActiveCfg = Debug|Any CPU
		{10C3C365-F4C6-A3CC-7B88-FD3D02C57439}.Debug|Any CPU.Build.0 = Debug|Any CPU
		{10C3C365-F4C6-A3CC-7B88-FD3D02C57439}.Release|Any CPU.ActiveCfg = Release|Any CPU
		{10C3C365-F4C6-A3CC-7B88-FD3D02C57439}.Release|Any CPU.Build.0 = Release|Any CPU
	EndGlobalSection
	GlobalSection(SolutionProperties) = preSolution
		HideSolutionNode = FALSE
	EndGlobalSection
EndGlobal
