
Microsoft Visual Studio Solution File, Format Version 12.00
# Visual Studio 2017
Project("{FAE04EC0-301F-11D3-BF4B-00C04F79EFBC}") = "cameramovement", "cameramovement.csproj", "{08F4C46A-162C-921A-600E-0546E20B8FF5}"
EndProject
Global
	GlobalSection(SolutionConfigurationPlatforms) = preSolution
		Debug|Any CPU = Debug|Any CPU
		Release|Any CPU = Release|Any CPU
	EndGlobalSection
	GlobalSection(ProjectConfigurationPlatforms) = postSolution
		{08F4C46A-162C-921A-600E-0546E20B8FF5}.Debug|Any CPU.ActiveCfg = Debug|Any CPU
		{08F4C46A-162C-921A-600E-0546E20B8FF5}.Debug|Any CPU.Build.0 = Debug|Any CPU
		{08F4C46A-162C-921A-600E-0546E20B8FF5}.Release|Any CPU.ActiveCfg = Release|Any CPU
		{08F4C46A-162C-921A-600E-0546E20B8FF5}.Release|Any CPU.Build.0 = Release|Any CPU
	EndGlobalSection
	GlobalSection(SolutionProperties) = preSolution
		HideSolutionNode = FALSE
	EndGlobalSection
EndGlobal
